Microsoft Visual Studio Solution File, Format Version 12.00
# Visual Studio Version 17
VisualStudioVersion = 17.5.2.0
MinimumVisualStudioVersion = 10.0.40219.1
Project("{FAE04EC0-301F-11D3-BF4B-00C04F79EFBC}") = "AI.Agentic.Fronend", "AI.Agentic.Fronend.csproj", "{92AC80F7-CDC1-7898-D7AE-54B2A0BB8DE1}"
EndProject
Global
	GlobalSection(SolutionConfigurationPlatforms) = preSolution
		Debug|Any CPU = Debug|Any CPU
		Release|Any CPU = Release|Any CPU
	EndGlobalSection
	GlobalSection(ProjectConfigurationPlatforms) = postSolution
		{92AC80F7-CDC1-7898-D7AE-54B2A0BB8DE1}.Debug|Any CPU.ActiveCfg = Debug|Any CPU
		{92AC80F7-CDC1-7898-D7AE-54B2A0BB8DE1}.Debug|Any CPU.Build.0 = Debug|Any CPU
		{92AC80F7-CDC1-7898-D7AE-54B2A0BB8DE1}.Release|Any CPU.ActiveCfg = Release|Any CPU
		{92AC80F7-CDC1-7898-D7AE-54B2A0BB8DE1}.Release|Any CPU.Build.0 = Release|Any CPU
	EndGlobalSection
	GlobalSection(SolutionProperties) = preSolution
		HideSolutionNode = FALSE
	EndGlobalSection
	GlobalSection(ExtensibilityGlobals) = postSolution
		SolutionGuid = {80772058-C3EC-4D96-8DEC-AE7A976D8158}
	EndGlobalSection
EndGlobal
